Microsoft Visual Studio Solution File, Format Version 11.00
# Visual Studio 2010
Project("{0b771554-8073-4060-8768-fd996928359b}") = "GIS.DotSpatial.DataBP.Deploy", "Deploy\GIS.DotSpatial.DataBP.Deploy.csproj ", "{4EAC600C-1D82-433C-AC4C-2E6CA1AF4C20}"
EndProject
Project("{fc386002-daec-46d8-b6bd-7042e4f4bab7}") = "GIS.DotSpatial.DataBP.Agent", "Agent\GIS.DotSpatial.DataBP.Agent.csproj ", "{BA8C7A13-2AB8-4E44-B158-04C21B2A7B01}"
EndProject
Project("{bd9143ae-ab9d-42b7-924b-e8336121be49}") = "GIS.DotSpatial.DataBP", "BP\GIS.DotSpatial.DataBP.csproj ", "{58D2EC34-C5F1-4753-B2F1-2C744EF3C5CC}"
EndProject
Global
	GlobalSection(SolutionConfigurationPlatforms) = preSolution
		Debug|Any CPU = Debug|Any CPU
		Release|Any CPU = Release|Any CPU
	EndGlobalSection
	GlobalSection(ProjectConfigurationPlatforms) = postSolution
		{4EAC600C-1D82-433C-AC4C-2E6CA1AF4C20}.Debug|Any CPU.ActiveCfg = Debug|Any CPU
{4EAC600C-1D82-433C-AC4C-2E6CA1AF4C20}.Debug|Any CPU.Build.0 = Debug|Any CPU
{4EAC600C-1D82-433C-AC4C-2E6CA1AF4C20}.Release|Any CPU.ActiveCfg = Debug|Any CPU
{4EAC600C-1D82-433C-AC4C-2E6CA1AF4C20}.Release|Any CPU.Build.0 = Debug|Any CPU
{BA8C7A13-2AB8-4E44-B158-04C21B2A7B01}.Debug|Any CPU.ActiveCfg = Debug|Any CPU
{BA8C7A13-2AB8-4E44-B158-04C21B2A7B01}.Debug|Any CPU.Build.0 = Debug|Any CPU
{BA8C7A13-2AB8-4E44-B158-04C21B2A7B01}.Release|Any CPU.ActiveCfg = Debug|Any CPU
{BA8C7A13-2AB8-4E44-B158-04C21B2A7B01}.Release|Any CPU.Build.0 = Debug|Any CPU
{58D2EC34-C5F1-4753-B2F1-2C744EF3C5CC}.Debug|Any CPU.ActiveCfg = Debug|Any CPU
{58D2EC34-C5F1-4753-B2F1-2C744EF3C5CC}.Debug|Any CPU.Build.0 = Debug|Any CPU
{58D2EC34-C5F1-4753-B2F1-2C744EF3C5CC}.Release|Any CPU.ActiveCfg = Debug|Any CPU
{58D2EC34-C5F1-4753-B2F1-2C744EF3C5CC}.Release|Any CPU.Build.0 = Debug|Any CPU
	EndGlobalSection
	GlobalSection(SolutionProperties) = preSolution
		HideSolutionNode = FALSE
	EndGlobalSection
EndGlobal

