Microsoft Visual Studio Solution File, Format Version 11.00
# Visual Studio 2010
Project("{d548b38f-e81d-4d95-b268-686cd045855e}") = "GIS.DotSpatial.DataBP.Deploy", "Deploy\GIS.DotSpatial.DataBP.Deploy.csproj ", "{4EAC600C-1D82-433C-AC4C-2E6CA1AF4C20}"
EndProject
Project("{57060a54-9345-4a80-86ee-62ac39b9bdff}") = "GIS.DotSpatial.DataBP.Agent", "Agent\GIS.DotSpatial.DataBP.Agent.csproj ", "{BA8C7A13-2AB8-4E44-B158-04C21B2A7B01}"
EndProject
Project("{110bcc00-80f2-40b9-830f-e6c702c4a523}") = "GIS.DotSpatial.DataBP", "BP\GIS.DotSpatial.DataBP.csproj ", "{58D2EC34-C5F1-4753-B2F1-2C744EF3C5CC}"
EndProject
Global
	GlobalSection(SolutionConfigurationPlatforms) = preSolution
		Debug|Any CPU = Debug|Any CPU
		Release|Any CPU = Release|Any CPU
	EndGlobalSection
	GlobalSection(ProjectConfigurationPlatforms) = postSolution
		{4EAC600C-1D82-433C-AC4C-2E6CA1AF4C20}.Debug|Any CPU.ActiveCfg = Debug|Any CPU
{4EAC600C-1D82-433C-AC4C-2E6CA1AF4C20}.Debug|Any CPU.Build.0 = Debug|Any CPU
{4EAC600C-1D82-433C-AC4C-2E6CA1AF4C20}.Release|Any CPU.ActiveCfg = Debug|Any CPU
{4EAC600C-1D82-433C-AC4C-2E6CA1AF4C20}.Release|Any CPU.Build.0 = Debug|Any CPU
{BA8C7A13-2AB8-4E44-B158-04C21B2A7B01}.Debug|Any CPU.ActiveCfg = Debug|Any CPU
{BA8C7A13-2AB8-4E44-B158-04C21B2A7B01}.Debug|Any CPU.Build.0 = Debug|Any CPU
{BA8C7A13-2AB8-4E44-B158-04C21B2A7B01}.Release|Any CPU.ActiveCfg = Debug|Any CPU
{BA8C7A13-2AB8-4E44-B158-04C21B2A7B01}.Release|Any CPU.Build.0 = Debug|Any CPU
{58D2EC34-C5F1-4753-B2F1-2C744EF3C5CC}.Debug|Any CPU.ActiveCfg = Debug|Any CPU
{58D2EC34-C5F1-4753-B2F1-2C744EF3C5CC}.Debug|Any CPU.Build.0 = Debug|Any CPU
{58D2EC34-C5F1-4753-B2F1-2C744EF3C5CC}.Release|Any CPU.ActiveCfg = Debug|Any CPU
{58D2EC34-C5F1-4753-B2F1-2C744EF3C5CC}.Release|Any CPU.Build.0 = Debug|Any CPU
	EndGlobalSection
	GlobalSection(SolutionProperties) = preSolution
		HideSolutionNode = FALSE
	EndGlobalSection
EndGlobal

